
Microsoft Visual Studio Solution File, Format Version 12.00
# Visual Studio Version 17
VisualStudioVersion = 17.4.33205.214
MinimumVisualStudioVersion = 10.0.40219.1
Project("{9A19103F-16F7-4668-BE54-9A1E7A4F7556}") = "Core", "Core\Core.csproj", "{8C2DF584-F0B0-4500-A60B-BC3628C0F201}"
EndProject
Project("{9A19103F-16F7-4668-BE54-9A1E7A4F7556}") = "Business", "Business\Business.csproj", "{6503594D-6E09-4FD2-AD1C-AB9D1B461718}"
EndProject
Project("{9A19103F-16F7-4668-BE54-9A1E7A4F7556}") = "DataAccess", "DataAccess\DataAccess.csproj", "{68DA5E70-BC59-4397-9C50-A77F457C78D6}"
EndProject
Project("{9A19103F-16F7-4668-BE54-9A1E7A4F7556}") = "Entities", "Entities\Entities.csproj", "{43812E48-081F-4E4F-8465-BF7116AD693F}"
EndProject
Project("{FAE04EC0-301F-11D3-BF4B-00C04F79EFBC}") = "WebAPI", "WebAPI\WebAPI.csproj", "{F205AD9E-2BE7-499D-8CDA-06243C60FD69}"
EndProject
Global
	GlobalSection(SolutionConfigurationPlatforms) = preSolution
		Debug|Any CPU = Debug|Any CPU
		Release|Any CPU = Release|Any CPU
	EndGlobalSection
	GlobalSection(ProjectConfigurationPlatforms) = postSolution
		{8C2DF584-F0B0-4500-A60B-BC3628C0F201}.Debug|Any CPU.ActiveCfg = Debug|Any CPU
		{8C2DF584-F0B0-4500-A60B-BC3628C0F201}.Debug|Any CPU.Build.0 = Debug|Any CPU
		{8C2DF584-F0B0-4500-A60B-BC3628C0F201}.Release|Any CPU.ActiveCfg = Release|Any CPU
		{8C2DF584-F0B0-4500-A60B-BC3628C0F201}.Release|Any CPU.Build.0 = Release|Any CPU
		{6503594D-6E09-4FD2-AD1C-AB9D1B461718}.Debug|Any CPU.ActiveCfg = Debug|Any CPU
		{6503594D-6E09-4FD2-AD1C-AB9D1B461718}.Debug|Any CPU.Build.0 = Debug|Any CPU
		{6503594D-6E09-4FD2-AD1C-AB9D1B461718}.Release|Any CPU.ActiveCfg = Release|Any CPU
		{6503594D-6E09-4FD2-AD1C-AB9D1B461718}.Release|Any CPU.Build.0 = Release|Any CPU
		{68DA5E70-BC59-4397-9C50-A77F457C78D6}.Debug|Any CPU.ActiveCfg = Debug|Any CPU
		{68DA5E70-BC59-4397-9C50-A77F457C78D6}.Debug|Any CPU.Build.0 = Debug|Any CPU
		{68DA5E70-BC59-4397-9C50-A77F457C78D6}.Release|Any CPU.ActiveCfg = Release|Any CPU
		{68DA5E70-BC59-4397-9C50-A77F457C78D6}.Release|Any CPU.Build.0 = Release|Any CPU
		{43812E48-081F-4E4F-8465-BF7116AD693F}.Debug|Any CPU.ActiveCfg = Debug|Any CPU
		{43812E48-081F-4E4F-8465-BF7116AD693F}.Debug|Any CPU.Build.0 = Debug|Any CPU
		{43812E48-081F-4E4F-8465-BF7116AD693F}.Release|Any CPU.ActiveCfg = Release|Any CPU
		{43812E48-081F-4E4F-8465-BF7116AD693F}.Release|Any CPU.Build.0 = Release|Any CPU
		{F205AD9E-2BE7-499D-8CDA-06243C60FD69}.Debug|Any CPU.ActiveCfg = Debug|Any CPU
		{F205AD9E-2BE7-499D-8CDA-06243C60FD69}.Debug|Any CPU.Build.0 = Debug|Any CPU
		{F205AD9E-2BE7-499D-8CDA-06243C60FD69}.Release|Any CPU.ActiveCfg = Release|Any CPU
		{F205AD9E-2BE7-499D-8CDA-06243C60FD69}.Release|Any CPU.Build.0 = Release|Any CPU
	EndGlobalSection
	GlobalSection(SolutionProperties) = preSolution
		HideSolutionNode = FALSE
	EndGlobalSection
	GlobalSection(ExtensibilityGlobals) = postSolution
		SolutionGuid = {BACBED64-0204-4DE8-98E1-D9D7A0B2998F}
	EndGlobalSection
EndGlobal
